
Microsoft Visual Studio Solution File, Format Version 12.00
# Visual Studio Version 17
VisualStudioVersion = 17.4.32916.344
MinimumVisualStudioVersion = 10.0.40219.1
Project("{9A19103F-16F7-4668-BE54-9A1E7A4F7556}") = "Create", "Create\Create.csproj", "{65CB1297-39DF-4B65-A1A5-CFE550D9794C}"
EndProject
Project("{9A19103F-16F7-4668-BE54-9A1E7A4F7556}") = "Create.App.Windows", "Create.App.Windows\Create.App.Windows.csproj", "{AE8D564A-A274-4205-9EF0-683005E3E17E}"
EndProject
Project("{9A19103F-16F7-4668-BE54-9A1E7A4F7556}") = "Create.OpenGL", "Create.OpenGL\Create.OpenGL.csproj", "{91A2D168-6637-4E4B-997E-E1888299A5AE}"
EndProject
Project("{9A19103F-16F7-4668-BE54-9A1E7A4F7556}") = "Create.Resource", "Create.Resource\Create.Resource.csproj", "{4F8D5634-9CA1-44A3-A0D1-EEBE576B9FD3}"
EndProject
Project("{FAE04EC0-301F-11D3-BF4B-00C04F79EFBC}") = "Create.Resource.Compiler", "Create.Resource.Compiler\Create.Resource.Compiler.csproj", "{433EDEC5-56AA-40BF-86F0-6BA8979B01AE}"
EndProject
Global
	GlobalSection(SolutionConfigurationPlatforms) = preSolution
		Debug|Any CPU = Debug|Any CPU
		Debug|ARM = Debug|ARM
		Debug|ARM64 = Debug|ARM64
		Debug|x64 = Debug|x64
		Debug|x86 = Debug|x86
		Release|Any CPU = Release|Any CPU
		Release|ARM = Release|ARM
		Release|ARM64 = Release|ARM64
		Release|x64 = Release|x64
		Release|x86 = Release|x86
	EndGlobalSection
	GlobalSection(ProjectConfigurationPlatforms) = postSolution
		{65CB1297-39DF-4B65-A1A5-CFE550D9794C}.Debug|Any CPU.ActiveCfg = Debug|Any CPU
		{65CB1297-39DF-4B65-A1A5-CFE550D9794C}.Debug|Any CPU.Build.0 = Debug|Any CPU
		{65CB1297-39DF-4B65-A1A5-CFE550D9794C}.Debug|ARM.ActiveCfg = Debug|Any CPU
		{65CB1297-39DF-4B65-A1A5-CFE550D9794C}.Debug|ARM.Build.0 = Debug|Any CPU
		{65CB1297-39DF-4B65-A1A5-CFE550D9794C}.Debug|ARM64.ActiveCfg = Debug|Any CPU
		{65CB1297-39DF-4B65-A1A5-CFE550D9794C}.Debug|ARM64.Build.0 = Debug|Any CPU
		{65CB1297-39DF-4B65-A1A5-CFE550D9794C}.Debug|x64.ActiveCfg = Debug|Any CPU
		{65CB1297-39DF-4B65-A1A5-CFE550D9794C}.Debug|x64.Build.0 = Debug|Any CPU
		{65CB1297-39DF-4B65-A1A5-CFE550D9794C}.Debug|x86.ActiveCfg = Debug|Any CPU
		{65CB1297-39DF-4B65-A1A5-CFE550D9794C}.Debug|x86.Build.0 = Debug|Any CPU
		{65CB1297-39DF-4B65-A1A5-CFE550D9794C}.Release|Any CPU.ActiveCfg = Release|Any CPU
		{65CB1297-39DF-4B65-A1A5-CFE550D9794C}.Release|Any CPU.Build.0 = Release|Any CPU
		{65CB1297-39DF-4B65-A1A5-CFE550D9794C}.Release|ARM.ActiveCfg = Release|Any CPU
		{65CB1297-39DF-4B65-A1A5-CFE550D9794C}.Release|ARM.Build.0 = Release|Any CPU
		{65CB1297-39DF-4B65-A1A5-CFE550D9794C}.Release|ARM64.ActiveCfg = Release|Any CPU
		{65CB1297-39DF-4B65-A1A5-CFE550D9794C}.Release|ARM64.Build.0 = Release|Any CPU
		{65CB1297-39DF-4B65-A1A5-CFE550D9794C}.Release|x64.ActiveCfg = Release|Any CPU
		{65CB1297-39DF-4B65-A1A5-CFE550D9794C}.Release|x64.Build.0 = Release|Any CPU
		{65CB1297-39DF-4B65-A1A5-CFE550D9794C}.Release|x86.ActiveCfg = Release|Any CPU
		{65CB1297-39DF-4B65-A1A5-CFE550D9794C}.Release|x86.Build.0 = Release|Any CPU
		{AE8D564A-A274-4205-9EF0-683005E3E17E}.Debug|Any CPU.ActiveCfg = Debug|Any CPU
		{AE8D564A-A274-4205-9EF0-683005E3E17E}.Debug|Any CPU.Build.0 = Debug|Any CPU
		{AE8D564A-A274-4205-9EF0-683005E3E17E}.Debug|ARM.ActiveCfg = Debug|Any CPU
		{AE8D564A-A274-4205-9EF0-683005E3E17E}.Debug|ARM.Build.0 = Debug|Any CPU
		{AE8D564A-A274-4205-9EF0-683005E3E17E}.Debug|ARM64.ActiveCfg = Debug|Any CPU
		{AE8D564A-A274-4205-9EF0-683005E3E17E}.Debug|ARM64.Build.0 = Debug|Any CPU
		{AE8D564A-A274-4205-9EF0-683005E3E17E}.Debug|x64.ActiveCfg = Debug|Any CPU
		{AE8D564A-A274-4205-9EF0-683005E3E17E}.Debug|x64.Build.0 = Debug|Any CPU
		{AE8D564A-A274-4205-9EF0-683005E3E17E}.Debug|x86.ActiveCfg = Debug|Any CPU
		{AE8D564A-A274-4205-9EF0-683005E3E17E}.Debug|x86.Build.0 = Debug|Any CPU
		{AE8D564A-A274-4205-9EF0-683005E3E17E}.Release|Any CPU.ActiveCfg = Release|Any CPU
		{AE8D564A-A274-4205-9EF0-683005E3E17E}.Release|Any CPU.Build.0 = Release|Any CPU
		{AE8D564A-A274-4205-9EF0-683005E3E17E}.Release|ARM.ActiveCfg = Release|Any CPU
		{AE8D564A-A274-4205-9EF0-683005E3E17E}.Release|ARM.Build.0 = Release|Any CPU
		{AE8D564A-A274-4205-9EF0-683005E3E17E}.Release|ARM64.ActiveCfg = Release|Any CPU
		{AE8D564A-A274-4205-9EF0-683005E3E17E}.Release|ARM64.Build.0 = Release|Any CPU
		{AE8D564A-A274-4205-9EF0-683005E3E17E}.Release|x64.ActiveCfg = Release|Any CPU
		{AE8D564A-A274-4205-9EF0-683005E3E17E}.Release|x64.Build.0 = Release|Any CPU
		{AE8D564A-A274-4205-9EF0-683005E3E17E}.Release|x86.ActiveCfg = Release|Any CPU
		{AE8D564A-A274-4205-9EF0-683005E3E17E}.Release|x86.Build.0 = Release|Any CPU
		{91A2D168-6637-4E4B-997E-E1888299A5AE}.Debug|Any CPU.ActiveCfg = Debug|Any CPU
		{91A2D168-6637-4E4B-997E-E1888299A5AE}.Debug|Any CPU.Build.0 = Debug|Any CPU
		{91A2D168-6637-4E4B-997E-E1888299A5AE}.Debug|ARM.ActiveCfg = Debug|Any CPU
		{91A2D168-6637-4E4B-997E-E1888299A5AE}.Debug|ARM.Build.0 = Debug|Any CPU
		{91A2D168-6637-4E4B-997E-E1888299A5AE}.Debug|ARM64.ActiveCfg = Debug|Any CPU
		{91A2D168-6637-4E4B-997E-E1888299A5AE}.Debug|ARM64.Build.0 = Debug|Any CPU
		{91A2D168-6637-4E4B-997E-E1888299A5AE}.Debug|x64.ActiveCfg = Debug|Any CPU
		{91A2D168-6637-4E4B-997E-E1888299A5AE}.Debug|x64.Build.0 = Debug|Any CPU
		{91A2D168-6637-4E4B-997E-E1888299A5AE}.Debug|x86.ActiveCfg = Debug|Any CPU
		{91A2D168-6637-4E4B-997E-E1888299A5AE}.Debug|x86.Build.0 = Debug|Any CPU
		{91A2D168-6637-4E4B-997E-E1888299A5AE}.Release|Any CPU.ActiveCfg = Release|Any CPU
		{91A2D168-6637-4E4B-997E-E1888299A5AE}.Release|Any CPU.Build.0 = Release|Any CPU
		{91A2D168-6637-4E4B-997E-E1888299A5AE}.Release|ARM.ActiveCfg = Release|Any CPU
		{91A2D168-6637-4E4B-997E-E1888299A5AE}.Release|ARM.Build.0 = Release|Any CPU
		{91A2D168-6637-4E4B-997E-E1888299A5AE}.Release|ARM64.ActiveCfg = Release|Any CPU
		{91A2D168-6637-4E4B-997E-E1888299A5AE}.Release|ARM64.Build.0 = Release|Any CPU
		{91A2D168-6637-4E4B-997E-E1888299A5AE}.Release|x64.ActiveCfg = Release|Any CPU
		{91A2D168-6637-4E4B-997E-E1888299A5AE}.Release|x64.Build.0 = Release|Any CPU
		{91A2D168-6637-4E4B-997E-E1888299A5AE}.Release|x86.ActiveCfg = Release|Any CPU
		{91A2D168-6637-4E4B-997E-E1888299A5AE}.Release|x86.Build.0 = Release|Any CPU
		{4F8D5634-9CA1-44A3-A0D1-EEBE576B9FD3}.Debug|Any CPU.ActiveCfg = Debug|Any CPU
		{4F8D5634-9CA1-44A3-A0D1-EEBE576B9FD3}.Debug|Any CPU.Build.0 = Debug|Any CPU
		{4F8D5634-9CA1-44A3-A0D1-EEBE576B9FD3}.Debug|ARM.ActiveCfg = Debug|Any CPU
		{4F8D5634-9CA1-44A3-A0D1-EEBE576B9FD3}.Debug|ARM.Build.0 = Debug|Any CPU
		{4F8D5634-9CA1-44A3-A0D1-EEBE576B9FD3}.Debug|ARM64.ActiveCfg = Debug|Any CPU
		{4F8D5634-9CA1-44A3-A0D1-EEBE576B9FD3}.Debug|ARM64.Build.0 = Debug|Any CPU
		{4F8D5634-9CA1-44A3-A0D1-EEBE576B9FD3}.Debug|x64.ActiveCfg = Debug|Any CPU
		{4F8D5634-9CA1-44A3-A0D1-EEBE576B9FD3}.Debug|x64.Build.0 = Debug|Any CPU
		{4F8D5634-9CA1-44A3-A0D1-EEBE576B9FD3}.Debug|x86.ActiveCfg = Debug|Any CPU
		{4F8D5634-9CA1-44A3-A0D1-EEBE576B9FD3}.Debug|x86.Build.0 = Debug|Any CPU
		{4F8D5634-9CA1-44A3-A0D1-EEBE576B9FD3}.Release|Any CPU.ActiveCfg = Release|Any CPU
		{4F8D5634-9CA1-44A3-A0D1-EEBE576B9FD3}.Release|Any CPU.Build.0 = Release|Any CPU
		{4F8D5634-9CA1-44A3-A0D1-EEBE576B9FD3}.Release|ARM.ActiveCfg = Release|Any CPU
		{4F8D5634-9CA1-44A3-A0D1-EEBE576B9FD3}.Release|ARM.Build.0 = Release|Any CPU
		{4F8D5634-9CA1-44A3-A0D1-EEBE576B9FD3}.Release|ARM64.ActiveCfg = Release|Any CPU
		{4F8D5634-9CA1-44A3-A0D1-EEBE576B9FD3}.Release|ARM64.Build.0 = Release|Any CPU
		{4F8D5634-9CA1-44A3-A0D1-EEBE576B9FD3}.Release|x64.ActiveCfg = Release|Any CPU
		{4F8D5634-9CA1-44A3-A0D1-EEBE576B9FD3}.Release|x64.Build.0 = Release|Any CPU
		{4F8D5634-9CA1-44A3-A0D1-EEBE576B9FD3}.Release|x86.ActiveCfg = Release|Any CPU
		{4F8D5634-9CA1-44A3-A0D1-EEBE576B9FD3}.Release|x86.Build.0 = Release|Any CPU
		{433EDEC5-56AA-40BF-86F0-6BA8979B01AE}.Debug|Any CPU.ActiveCfg = Debug|Any CPU
		{433EDEC5-56AA-40BF-86F0-6BA8979B01AE}.Debug|Any CPU.Build.0 = Debug|Any CPU
		{433EDEC5-56AA-40BF-86F0-6BA8979B01AE}.Debug|ARM.ActiveCfg = Debug|Any CPU
		{433EDEC5-56AA-40BF-86F0-6BA8979B01AE}.Debug|ARM.Build.0 = Debug|Any CPU
		{433EDEC5-56AA-40BF-86F0-6BA8979B01AE}.Debug|ARM64.ActiveCfg = Debug|Any CPU
		{433EDEC5-56AA-40BF-86F0-6BA8979B01AE}.Debug|ARM64.Build.0 = Debug|Any CPU
		{433EDEC5-56AA-40BF-86F0-6BA8979B01AE}.Debug|x64.ActiveCfg = Debug|Any CPU
		{433EDEC5-56AA-40BF-86F0-6BA8979B01AE}.Debug|x64.Build.0 = Debug|Any CPU
		{433EDEC5-56AA-40BF-86F0-6BA8979B01AE}.Debug|x86.ActiveCfg = Debug|Any CPU
		{433EDEC5-56AA-40BF-86F0-6BA8979B01AE}.Debug|x86.Build.0 = Debug|Any CPU
		{433EDEC5-56AA-40BF-86F0-6BA8979B01AE}.Release|Any CPU.ActiveCfg = Release|Any CPU
		{433EDEC5-56AA-40BF-86F0-6BA8979B01AE}.Release|Any CPU.Build.0 = Release|Any CPU
		{433EDEC5-56AA-40BF-86F0-6BA8979B01AE}.Release|ARM.ActiveCfg = Release|Any CPU
		{433EDEC5-56AA-40BF-86F0-6BA8979B01AE}.Release|ARM.Build.0 = Release|Any CPU
		{433EDEC5-56AA-40BF-86F0-6BA8979B01AE}.Release|ARM64.ActiveCfg = Release|Any CPU
		{433EDEC5-56AA-40BF-86F0-6BA8979B01AE}.Release|ARM64.Build.0 = Release|Any CPU
		{433EDEC5-56AA-40BF-86F0-6BA8979B01AE}.Release|x64.ActiveCfg = Release|Any CPU
		{433EDEC5-56AA-40BF-86F0-6BA8979B01AE}.Release|x64.Build.0 = Release|Any CPU
		{433EDEC5-56AA-40BF-86F0-6BA8979B01AE}.Release|x86.ActiveCfg = Release|Any CPU
		{433EDEC5-56AA-40BF-86F0-6BA8979B01AE}.Release|x86.Build.0 = Release|Any CPU
	EndGlobalSection
	GlobalSection(SolutionProperties) = preSolution
		HideSolutionNode = FALSE
	EndGlobalSection
	GlobalSection(ExtensibilityGlobals) = postSolution
		SolutionGuid = {C4ACD134-7AFE-4123-A90B-7910FBDB60C9}
	EndGlobalSection
EndGlobal
